
Microsoft Visual Studio Solution File, Format Version 12.00
# Visual Studio Version 17
VisualStudioVersion = 17.5.33424.131
MinimumVisualStudioVersion = 10.0.40219.1
Project("{FAE04EC0-301F-11D3-BF4B-00C04F79EFBC}") = "QLQuanCaPhe", "QLQuanCaPhe\QLQuanCaPhe.csproj", "{68695BEC-91BA-4D6C-BC88-B51FE62B7579}"
EndProject
Global
	GlobalSection(SolutionConfigurationPlatforms) = preSolution
		Debug|Any CPU = Debug|Any CPU
		Release|Any CPU = Release|Any CPU
	EndGlobalSection
	GlobalSection(ProjectConfigurationPlatforms) = postSolution
		{68695BEC-91BA-4D6C-BC88-B51FE62B7579}.Debug|Any CPU.ActiveCfg = Debug|Any CPU
		{68695BEC-91BA-4D6C-BC88-B51FE62B7579}.Debug|Any CPU.Build.0 = Debug|Any CPU
		{68695BEC-91BA-4D6C-BC88-B51FE62B7579}.Release|Any CPU.ActiveCfg = Release|Any CPU
		{68695BEC-91BA-4D6C-BC88-B51FE62B7579}.Release|Any CPU.Build.0 = Release|Any CPU
	EndGlobalSection
	GlobalSection(SolutionProperties) = preSolution
		HideSolutionNode = FALSE
	EndGlobalSection
	GlobalSection(ExtensibilityGlobals) = postSolution
		SolutionGuid = {8474C253-9B66-4FED-9E0C-9C1648748D57}
	EndGlobalSection
EndGlobal
